<?xml version="1.0" encoding="utf-8"?>
<Project ToolsVersion="4.0" xmlns="http://schemas.microsoft.com/developer/msbuild/2003">
  <ItemGroup>
    <Filter Include="소스 파일">
      <UniqueIdentifier>{4FC737F1-C7A5-4376-A066-2A32D752A2FF}</UniqueIdentifier>
      <Extensions>cpp;c;cc;cxx;c++;cppm;ixx;def;odl;idl;hpj;bat;asm;asmx</Extensions>
    </Filter>
    <Filter Include="헤더 파일">
      <UniqueIdentifier>{93995380-89BD-4b04-88EB-625FBE52EBFB}</UniqueIdentifier>
      <Extensions>h;hh;hpp;hxx;h++;hm;inl;inc;ipp;xsd</Extensions>
    </Filter>
    <Filter Include="리소스 파일">
      <UniqueIdentifier>{67DA6AB6-F800-4c08-8B7A-83BB121AAD01}</UniqueIdentifier>
      <Extensions>rc;ico;cur;bmp;dlg;rc2;rct;bin;rgs;gif;jpg;jpeg;jpe;resx;tiff;tif;png;wav;mfcribbon-ms</Extensions>
    </Filter>
    <Filter Include="헤더 파일\include">
      <UniqueIdentifier>{e282932c-667d-4e76-8ac0-b0eee01b9439}</UniqueIdentifier>
    </Filter>
    <Filter Include="소스 파일\02. Object">
      <UniqueIdentifier>{91378875-1c8b-4e7d-aa31-39c2ad26554e}</UniqueIdentifier>
    </Filter>
    <Filter Include="소스 파일\02. Object\Player">
      <UniqueIdentifier>{4438d18d-c9a0-42ff-9529-aea4b0a16cc6}</UniqueIdentifier>
    </Filter>
    <Filter Include="소스 파일\02. Object\Enemy">
      <UniqueIdentifier>{536b1cd0-8a03-47da-8f09-9f804838f01f}</UniqueIdentifier>
    </Filter>
    <Filter Include="소스 파일\02. Object\Bullet">
      <UniqueIdentifier>{3775cbee-66f6-4c1a-86af-41765e3c02d7}</UniqueIdentifier>
    </Filter>
    <Filter Include="소스 파일\02. Object\Background">
      <UniqueIdentifier>{a0bae808-23dd-4989-b14e-dc675f5920c3}</UniqueIdentifier>
    </Filter>
    <Filter Include="소스 파일\02. Object\Cloud">
      <UniqueIdentifier>{08223643-646b-43ee-b174-3acc0d4f9235}</UniqueIdentifier>
    </Filter>
    <Filter Include="소스 파일\03. UserInterface">
      <UniqueIdentifier>{8733e069-0f02-49c9-831f-3b79623819a1}</UniqueIdentifier>
    </Filter>
    <Filter Include="소스 파일\03. UserInterface\ScrollBox">
      <UniqueIdentifier>{ecbec45f-876d-48c5-aa3f-0db829b1a32f}</UniqueIdentifier>
    </Filter>
    <Filter Include="소스 파일\98. Pattern">
      <UniqueIdentifier>{0e3f9417-8363-4e3c-8aca-a0aee20fed52}</UniqueIdentifier>
    </Filter>
    <Filter Include="소스 파일\03. UserInterface\Intro">
      <UniqueIdentifier>{6f8f32b8-5b26-434d-b672-a6c2144c71d3}</UniqueIdentifier>
    </Filter>
    <Filter Include="소스 파일\02. Object\Item">
      <UniqueIdentifier>{d6caf8fa-9a7f-4bd7-84fc-cf6150817da8}</UniqueIdentifier>
    </Filter>
    <Filter Include="소스 파일\98. Pattern\ProtoType">
      <UniqueIdentifier>{2162f3d4-afc9-4bdd-a89a-81f39dbe605c}</UniqueIdentifier>
    </Filter>
    <Filter Include="소스 파일\98. Pattern\ObjectPool">
      <UniqueIdentifier>{459e955e-afc1-4a13-8161-8ca19bcd8435}</UniqueIdentifier>
    </Filter>
    <Filter Include="소스 파일\98. Pattern\Bridge">
      <UniqueIdentifier>{fa8f365b-8a14-4e4a-838d-5cdca6e6b179}</UniqueIdentifier>
    </Filter>
    <Filter Include="소스 파일\02. Object\Bullet\BulletBridge">
      <UniqueIdentifier>{a1f3e73c-8d3b-4e0c-aff3-8c968c3befb5}</UniqueIdentifier>
    </Filter>
    <Filter Include="소스 파일\02. Object\Enemy\EnemyBridge">
      <UniqueIdentifier>{cdd44ada-7a91-446b-bd9f-c7bd5a2e3cd2}</UniqueIdentifier>
    </Filter>
    <Filter Include="소스 파일\02. Object\Enemy\EnemyBridge\NormalEnemy">
      <UniqueIdentifier>{7510dcb8-8725-4a7b-a531-2d21a34e7575}</UniqueIdentifier>
    </Filter>
    <Filter Include="소스 파일\03. UserInterface\MenuInterface">
      <UniqueIdentifier>{25f6448d-d064-465e-bd3b-bc7d1d6f5fea}</UniqueIdentifier>
    </Filter>
    <Filter Include="소스 파일\99. Manager">
      <UniqueIdentifier>{151fced3-0a3f-4ad6-9cd4-3c3754d6fc7b}</UniqueIdentifier>
    </Filter>
    <Filter Include="소스 파일\99. Manager\InputManager">
      <UniqueIdentifier>{6307cbfd-21c6-4420-a40e-85f4a79f34d4}</UniqueIdentifier>
    </Filter>
    <Filter Include="소스 파일\99. Manager\SceneManager">
      <UniqueIdentifier>{d0f81e0e-aeaa-4b43-8f40-86cc3fd77b0e}</UniqueIdentifier>
    </Filter>
    <Filter Include="소스 파일\99. Manager\ObjectManager">
      <UniqueIdentifier>{8709de70-4df4-44f5-8ffd-03b8e14f1d7f}</UniqueIdentifier>
    </Filter>
    <Filter Include="소스 파일\99. Manager\CursorManager">
      <UniqueIdentifier>{22d1a4ae-e0a9-4f82-bdb0-fd02c5956888}</UniqueIdentifier>
    </Filter>
    <Filter Include="소스 파일\99. Manager\CollisionManager">
      <UniqueIdentifier>{141d45d6-7dc4-4c28-86e4-48669ed45b8b}</UniqueIdentifier>
    </Filter>
    <Filter Include="소스 파일\99. Manager\ObjectFactory">
      <UniqueIdentifier>{ecb4e8cd-d365-4dc5-bcd6-d863521fcf52}</UniqueIdentifier>
    </Filter>
    <Filter Include="소스 파일\99. Manager\MathManager">
      <UniqueIdentifier>{f79dcb53-884e-469a-807a-c29e1e7b7638}</UniqueIdentifier>
    </Filter>
    <Filter Include="소스 파일\00. MainUpdate">
      <UniqueIdentifier>{ef1281ea-3595-48ae-88b9-7604c9443e2b}</UniqueIdentifier>
    </Filter>
    <Filter Include="소스 파일\01. Scene">
      <UniqueIdentifier>{f9794f6b-9574-43d3-8121-f1eb7a21653d}</UniqueIdentifier>
    </Filter>
    <Filter Include="소스 파일\01. Scene\Logo">
      <UniqueIdentifier>{b4f603cf-2202-45e3-8b1c-aac2ab07f605}</UniqueIdentifier>
    </Filter>
    <Filter Include="소스 파일\01. Scene\Menu">
      <UniqueIdentifier>{b174b2c2-cd2a-45fc-881d-703241f6acf6}</UniqueIdentifier>
    </Filter>
    <Filter Include="소스 파일\01. Scene\Stage">
      <UniqueIdentifier>{645693e8-ae16-4686-a9ea-6c9bf12490dd}</UniqueIdentifier>
    </Filter>
    <Filter Include="소스 파일\03. UserInterface\Time">
      <UniqueIdentifier>{1b389634-bbca-494c-98c6-1aa3d204b40d}</UniqueIdentifier>
    </Filter>
    <Filter Include="소스 파일\02. Object\Item\ItemBridge">
      <UniqueIdentifier>{032a6355-090a-4a04-902a-ea7b953e0f86}</UniqueIdentifier>
    </Filter>
    <Filter Include="소스 파일\02. Object\Item\ItemBridge\ItemPower">
      <UniqueIdentifier>{01e4a561-f8a0-4bcb-afc0-9458a582bb8c}</UniqueIdentifier>
    </Filter>
    <Filter Include="소스 파일\02. Object\Item\ItemBridge\ItemSpeed">
      <UniqueIdentifier>{3d85da25-c52b-4539-89b7-25aa76edee56}</UniqueIdentifier>
    </Filter>
    <Filter Include="소스 파일\02. Object\Player\PlayerBridge">
      <UniqueIdentifier>{bc4a4796-773a-44a8-9800-06119446890a}</UniqueIdentifier>
    </Filter>
    <Filter Include="소스 파일\02. Object\Player\PlayerBridge\NormalPlayer">
      <UniqueIdentifier>{09191a16-778d-4f0f-9b8c-5e45063ec1e7}</UniqueIdentifier>
    </Filter>
    <Filter Include="소스 파일\02. Object\Item\ItemBridge\ItemChange">
      <UniqueIdentifier>{730e7386-e144-4c46-93fb-1fe17719d548}</UniqueIdentifier>
    </Filter>
    <Filter Include="소스 파일\01. Scene\Ending">
      <UniqueIdentifier>{67793f06-3c77-4047-9b1d-5f683615b19b}</UniqueIdentifier>
    </Filter>
    <Filter Include="소스 파일\03. UserInterface\Outtro">
      <UniqueIdentifier>{42e2f259-3cff-4a22-bb82-de94fc3e3d09}</UniqueIdentifier>
    </Filter>
    <Filter Include="소스 파일\03. UserInterface\HpBar">
      <UniqueIdentifier>{3bd10f0e-a600-4067-8ab6-feba74806b38}</UniqueIdentifier>
    </Filter>
    <Filter Include="소스 파일\02. Object\Item\ItemBridge\ItemBoom">
      <UniqueIdentifier>{9470512c-f267-454d-a39e-31c4d516430e}</UniqueIdentifier>
    </Filter>
    <Filter Include="소스 파일\02. Object\Bullet\BulletBridge\BulletNormal2">
      <UniqueIdentifier>{28346651-b68b-4cce-9585-e08b38d76b96}</UniqueIdentifier>
    </Filter>
    <Filter Include="소스 파일\02. Object\Bullet\BulletBridge\BulletNormal">
      <UniqueIdentifier>{8ff82454-fea5-477d-9d1e-a3dff6c9e6db}</UniqueIdentifier>
    </Filter>
    <Filter Include="소스 파일\02. Object\Bullet\BulletBridge\BulletBoom">
      <UniqueIdentifier>{1e7aace1-a70d-419e-a745-3b4a9d3e39dc}</UniqueIdentifier>
    </Filter>
    <Filter Include="소스 파일\02. Object\Enemy\EnemyBridge\EnemyBoss">
      <UniqueIdentifier>{553b14ec-be74-4ee3-be53-0858f9ba868f}</UniqueIdentifier>
    </Filter>
    <Filter Include="소스 파일\03. UserInterface\Warning">
      <UniqueIdentifier>{7472b1ec-234c-416d-9402-907ecdb0cd23}</UniqueIdentifier>
    </Filter>
    <Filter Include="소스 파일\03. UserInterface\Level">
      <UniqueIdentifier>{aeb1a75f-2f80-4e27-8da8-765cf4d48d9e}</UniqueIdentifier>
    </Filter>
    <Filter Include="소스 파일\02. Object\Bullet\BulletBridge\BulletBoom2">
      <UniqueIdentifier>{a3b05e15-180a-46b6-9e0f-908422ca9240}</UniqueIdentifier>
    </Filter>
    <Filter Include="소스 파일\02. Object\Item\ItemBridge\ItemPotion">
      <UniqueIdentifier>{56db14cb-ae75-48ef-a5d2-0e70ef66857e}</UniqueIdentifier>
    </Filter>
    <Filter Include="소스 파일\99. Manager\UserInterfaceManager">
      <UniqueIdentifier>{0e5a6b8e-5342-4094-99c4-7d8b87ae7770}</UniqueIdentifier>
    </Filter>
    <Filter Include="소스 파일\03. UserInterface\BulletUI">
      <UniqueIdentifier>{c43c9cde-2640-426e-bffa-b86ff86465c9}</UniqueIdentifier>
    </Filter>
    <Filter Include="소스 파일\02. Object\Bullet\BulletBridge\BulletLazer">
      <UniqueIdentifier>{52dac7da-a339-4357-9136-954497d52f7a}</UniqueIdentifier>
    </Filter>
    <Filter Include="소스 파일\02. Object\Bullet\BulletBridge\BulletFire">
      <UniqueIdentifier>{a7ef6248-4159-4bbf-ac33-d997dddeeeb0}</UniqueIdentifier>
    </Filter>
    <Filter Include="소스 파일\02. Object\Effect">
      <UniqueIdentifier>{b4fe9a96-6135-4108-9e25-29e87eac3cc1}</UniqueIdentifier>
    </Filter>
    <Filter Include="소스 파일\02. Object\Effect\EffectBridge">
      <UniqueIdentifier>{4ade0b25-48ab-483d-87b1-e8fdd985f45e}</UniqueIdentifier>
    </Filter>
    <Filter Include="소스 파일\02. Object\Effect\EffectBridge\PlayerEffect">
      <UniqueIdentifier>{c080c773-4818-414e-8d0f-930aa4be7276}</UniqueIdentifier>
    </Filter>
    <Filter Include="소스 파일\02. Object\Effect\EffectBridge\EnemyEffect">
      <UniqueIdentifier>{afda22e6-ca03-4ab5-a022-a030d4b05587}</UniqueIdentifier>
    </Filter>
    <Filter Include="소스 파일\03. UserInterface\Score">
      <UniqueIdentifier>{a2699102-33d7-4f0a-9b50-7bfde78ed737}</UniqueIdentifier>
    </Filter>
  </ItemGroup>
  <ItemGroup>
    <ClCompile Include="Main.cpp">
      <Filter>소스 파일</Filter>
    </ClCompile>
    <ClCompile Include="MainUpdate.cpp">
      <Filter>소스 파일\00. MainUpdate</Filter>
    </ClCompile>
    <ClCompile Include="SceneManager.cpp">
      <Filter>소스 파일\99. Manager\SceneManager</Filter>
    </ClCompile>
    <ClCompile Include="InputManager.cpp">
      <Filter>소스 파일\99. Manager\InputManager</Filter>
    </ClCompile>
    <ClCompile Include="Logo.cpp">
      <Filter>소스 파일\01. Scene\Logo</Filter>
    </ClCompile>
    <ClCompile Include="Menu.cpp">
      <Filter>소스 파일\01. Scene\Menu</Filter>
    </ClCompile>
    <ClCompile Include="Stage.cpp">
      <Filter>소스 파일\01. Scene\Stage</Filter>
    </ClCompile>
    <ClCompile Include="Scene.cpp">
      <Filter>소스 파일\01. Scene</Filter>
    </ClCompile>
    <ClCompile Include="Object.cpp">
      <Filter>소스 파일\02. Object</Filter>
    </ClCompile>
    <ClCompile Include="Player.cpp">
      <Filter>소스 파일\02. Object\Player</Filter>
    </ClCompile>
    <ClCompile Include="Enemy.cpp">
      <Filter>소스 파일\02. Object\Enemy</Filter>
    </ClCompile>
    <ClCompile Include="ObjectManager.cpp">
      <Filter>소스 파일\99. Manager\ObjectManager</Filter>
    </ClCompile>
    <ClCompile Include="Bullet.cpp">
      <Filter>소스 파일\02. Object\Bullet</Filter>
    </ClCompile>
    <ClCompile Include="ObjectFactory.h">
      <Filter>소스 파일\99. Manager\ObjectFactory</Filter>
    </ClCompile>
    <ClCompile Include="Background.cpp">
      <Filter>소스 파일\02. Object\Background</Filter>
    </ClCompile>
    <ClCompile Include="Cloud.cpp">
      <Filter>소스 파일\02. Object\Cloud</Filter>
    </ClCompile>
    <ClCompile Include="UserInterface.cpp">
      <Filter>소스 파일\03. UserInterface</Filter>
    </ClCompile>
    <ClCompile Include="ScrollBox.cpp">
      <Filter>소스 파일\03. UserInterface\ScrollBox</Filter>
    </ClCompile>
    <ClCompile Include="CursorManager.cpp">
      <Filter>소스 파일\99. Manager\CursorManager</Filter>
    </ClCompile>
    <ClCompile Include="Intro.cpp">
      <Filter>소스 파일\03. UserInterface\Intro</Filter>
    </ClCompile>
    <ClCompile Include="Item.cpp">
      <Filter>소스 파일\02. Object\Item</Filter>
    </ClCompile>
    <ClCompile Include="ObjectPool.cpp">
      <Filter>소스 파일\98. Pattern\ObjectPool</Filter>
    </ClCompile>
    <ClCompile Include="ProtoType.cpp">
      <Filter>소스 파일\98. Pattern\ProtoType</Filter>
    </ClCompile>
    <ClCompile Include="BulletNormal.cpp">
      <Filter>소스 파일\02. Object\Bullet\BulletBridge\BulletNormal</Filter>
    </ClCompile>
    <ClCompile Include="NormalEnemy.cpp">
      <Filter>소스 파일\02. Object\Enemy\EnemyBridge\NormalEnemy</Filter>
    </ClCompile>
    <ClCompile Include="MenuInterface.cpp">
      <Filter>소스 파일\03. UserInterface\MenuInterface</Filter>
    </ClCompile>
    <ClCompile Include="Time.cpp">
      <Filter>소스 파일\03. UserInterface\Time</Filter>
    </ClCompile>
    <ClCompile Include="ItemPower.cpp">
      <Filter>소스 파일\02. Object\Item\ItemBridge\ItemPower</Filter>
    </ClCompile>
    <ClCompile Include="ItemSpeed.cpp">
      <Filter>소스 파일\02. Object\Item\ItemBridge\ItemSpeed</Filter>
    </ClCompile>
    <ClCompile Include="BulletNormal2.cpp">
      <Filter>소스 파일\02. Object\Bullet\BulletBridge\BulletNormal2</Filter>
    </ClCompile>
    <ClCompile Include="NormalPlayer.cpp">
      <Filter>소스 파일\02. Object\Player\PlayerBridge\NormalPlayer</Filter>
    </ClCompile>
    <ClCompile Include="ItemChange.cpp">
      <Filter>소스 파일\02. Object\Item\ItemBridge\ItemChange</Filter>
    </ClCompile>
    <ClCompile Include="Ending.cpp">
      <Filter>소스 파일\01. Scene\Ending</Filter>
    </ClCompile>
    <ClCompile Include="Outtro.cpp">
      <Filter>소스 파일\03. UserInterface\Outtro</Filter>
    </ClCompile>
    <ClCompile Include="HpBar.cpp">
      <Filter>소스 파일\03. UserInterface\HpBar</Filter>
    </ClCompile>
    <ClCompile Include="ItemBoom.cpp">
      <Filter>소스 파일\02. Object\Item\ItemBridge\ItemBoom</Filter>
    </ClCompile>
    <ClCompile Include="BulletBoom.cpp">
      <Filter>소스 파일\02. Object\Bullet\BulletBridge\BulletBoom</Filter>
    </ClCompile>
    <ClCompile Include="EnemyBoss.cpp">
      <Filter>소스 파일\02. Object\Enemy\EnemyBridge\EnemyBoss</Filter>
    </ClCompile>
    <ClCompile Include="Warning.cpp">
      <Filter>소스 파일\03. UserInterface\Warning</Filter>
    </ClCompile>
    <ClCompile Include="Level.cpp">
      <Filter>소스 파일\03. UserInterface\Level</Filter>
    </ClCompile>
    <ClCompile Include="BulletBoom2.cpp">
      <Filter>소스 파일\02. Object\Bullet\BulletBridge\BulletBoom2</Filter>
    </ClCompile>
    <ClCompile Include="ItemPotion.cpp">
      <Filter>소스 파일\02. Object\Item\ItemBridge\ItemPotion</Filter>
    </ClCompile>
    <ClCompile Include="UserInterfaceManager.cpp">
      <Filter>소스 파일\99. Manager\UserInterfaceManager</Filter>
    </ClCompile>
    <ClCompile Include="BulletUI.cpp">
      <Filter>소스 파일\03. UserInterface\BulletUI</Filter>
    </ClCompile>
    <ClCompile Include="BulletLazer.cpp">
      <Filter>소스 파일\02. Object\Bullet\BulletBridge\BulletLazer</Filter>
    </ClCompile>
    <ClCompile Include="BulletFire.cpp">
      <Filter>소스 파일\02. Object\Bullet\BulletBridge\BulletFire</Filter>
    </ClCompile>
    <ClCompile Include="Effect.cpp">
      <Filter>소스 파일\02. Object\Effect</Filter>
    </ClCompile>
    <ClCompile Include="PlayerEffect.cpp">
      <Filter>소스 파일\02. Object\Effect\EffectBridge\PlayerEffect</Filter>
    </ClCompile>
    <ClCompile Include="EnemyEffect.cpp">
      <Filter>소스 파일\02. Object\Effect\EffectBridge\EnemyEffect</Filter>
    </ClCompile>
    <ClCompile Include="Intro2.cpp">
      <Filter>소스 파일\03. UserInterface\Intro</Filter>
    </ClCompile>
    <ClCompile Include="Outtro2.cpp">
      <Filter>소스 파일\03. UserInterface\Outtro</Filter>
    </ClCompile>
    <ClCompile Include="Score.cpp">
      <Filter>소스 파일\03. UserInterface\Score</Filter>
    </ClCompile>
  </ItemGroup>
  <ItemGroup>
    <ClInclude Include="Headers.h">
      <Filter>헤더 파일</Filter>
    </ClInclude>
    <ClInclude Include="MainUpdate.h">
      <Filter>소스 파일\00. MainUpdate</Filter>
    </ClInclude>
    <ClInclude Include="SceneManager.h">
      <Filter>소스 파일\99. Manager\SceneManager</Filter>
    </ClInclude>
    <ClInclude Include="Enum.h">
      <Filter>헤더 파일\include</Filter>
    </ClInclude>
    <ClInclude Include="Constant.h">
      <Filter>헤더 파일\include</Filter>
    </ClInclude>
    <ClInclude Include="InputManager.h">
      <Filter>소스 파일\99. Manager\InputManager</Filter>
    </ClInclude>
    <ClInclude Include="Logo.h">
      <Filter>소스 파일\01. Scene\Logo</Filter>
    </ClInclude>
    <ClInclude Include="Menu.h">
      <Filter>소스 파일\01. Scene\Menu</Filter>
    </ClInclude>
    <ClInclude Include="Stage.h">
      <Filter>소스 파일\01. Scene\Stage</Filter>
    </ClInclude>
    <ClInclude Include="Scene.h">
      <Filter>소스 파일\01. Scene</Filter>
    </ClInclude>
    <ClInclude Include="Define.h">
      <Filter>헤더 파일\include</Filter>
    </ClInclude>
    <ClInclude Include="Object.h">
      <Filter>소스 파일\02. Object</Filter>
    </ClInclude>
    <ClInclude Include="Player.h">
      <Filter>소스 파일\02. Object\Player</Filter>
    </ClInclude>
    <ClInclude Include="Enemy.h">
      <Filter>소스 파일\02. Object\Enemy</Filter>
    </ClInclude>
    <ClInclude Include="Struct.h">
      <Filter>헤더 파일\include</Filter>
    </ClInclude>
    <ClInclude Include="CursorManager.h">
      <Filter>소스 파일\99. Manager\CursorManager</Filter>
    </ClInclude>
    <ClInclude Include="Bullet.h">
      <Filter>소스 파일\02. Object\Bullet</Filter>
    </ClInclude>
    <ClInclude Include="CollisionManager.h">
      <Filter>소스 파일\99. Manager\CollisionManager</Filter>
    </ClInclude>
    <ClInclude Include="Background.h">
      <Filter>소스 파일\02. Object\Background</Filter>
    </ClInclude>
    <ClInclude Include="Cloud.h">
      <Filter>소스 파일\02. Object\Cloud</Filter>
    </ClInclude>
    <ClInclude Include="UserInterface.h">
      <Filter>소스 파일\03. UserInterface</Filter>
    </ClInclude>
    <ClInclude Include="ScrollBox.h">
      <Filter>소스 파일\03. UserInterface\ScrollBox</Filter>
    </ClInclude>
    <ClInclude Include="MathManager.h">
      <Filter>소스 파일\99. Manager\MathManager</Filter>
    </ClInclude>
    <ClInclude Include="ObjectManager.h">
      <Filter>소스 파일\99. Manager\ObjectManager</Filter>
    </ClInclude>
    <ClInclude Include="Explain.h">
      <Filter>헤더 파일\include</Filter>
    </ClInclude>
    <ClInclude Include="Intro.h">
      <Filter>소스 파일\03. UserInterface\Intro</Filter>
    </ClInclude>
    <ClInclude Include="Item.h">
      <Filter>소스 파일\02. Object\Item</Filter>
    </ClInclude>
    <ClInclude Include="ObjectPool.h">
      <Filter>소스 파일\98. Pattern\ObjectPool</Filter>
    </ClInclude>
    <ClInclude Include="ProtoType.h">
      <Filter>소스 파일\98. Pattern\ProtoType</Filter>
    </ClInclude>
    <ClInclude Include="Bridge.h">
      <Filter>소스 파일\98. Pattern\Bridge</Filter>
    </ClInclude>
    <ClInclude Include="BulletBridge.h">
      <Filter>소스 파일\02. Object\Bullet\BulletBridge</Filter>
    </ClInclude>
    <ClInclude Include="BulletNormal.h">
      <Filter>소스 파일\02. Object\Bullet\BulletBridge\BulletNormal</Filter>
    </ClInclude>
    <ClInclude Include="EnemyBridge.h">
      <Filter>소스 파일\02. Object\Enemy\EnemyBridge</Filter>
    </ClInclude>
    <ClInclude Include="NormalEnemy.h">
      <Filter>소스 파일\02. Object\Enemy\EnemyBridge\NormalEnemy</Filter>
    </ClInclude>
    <ClInclude Include="MenuInterface.h">
      <Filter>소스 파일\03. UserInterface\MenuInterface</Filter>
    </ClInclude>
    <ClInclude Include="Time.h">
      <Filter>소스 파일\03. UserInterface\Time</Filter>
    </ClInclude>
    <ClInclude Include="ItemBridge.h">
      <Filter>소스 파일\02. Object\Item\ItemBridge</Filter>
    </ClInclude>
    <ClInclude Include="ItemPower.h">
      <Filter>소스 파일\02. Object\Item\ItemBridge\ItemPower</Filter>
    </ClInclude>
    <ClInclude Include="ItemSpeed.h">
      <Filter>소스 파일\02. Object\Item\ItemBridge\ItemSpeed</Filter>
    </ClInclude>
    <ClInclude Include="BulletNormal2.h">
      <Filter>소스 파일\02. Object\Bullet\BulletBridge\BulletNormal2</Filter>
    </ClInclude>
    <ClInclude Include="NormalPlayer.h">
      <Filter>소스 파일\02. Object\Player\PlayerBridge\NormalPlayer</Filter>
    </ClInclude>
    <ClInclude Include="ItemChange.h">
      <Filter>소스 파일\02. Object\Item\ItemBridge\ItemChange</Filter>
    </ClInclude>
    <ClInclude Include="Ending.h">
      <Filter>소스 파일\01. Scene\Ending</Filter>
    </ClInclude>
    <ClInclude Include="Outtro.h">
      <Filter>소스 파일\03. UserInterface\Outtro</Filter>
    </ClInclude>
    <ClInclude Include="HpBar.h">
      <Filter>소스 파일\03. UserInterface\HpBar</Filter>
    </ClInclude>
    <ClInclude Include="ItemBoom.h">
      <Filter>소스 파일\02. Object\Item\ItemBridge\ItemBoom</Filter>
    </ClInclude>
    <ClInclude Include="BulletBoom.h">
      <Filter>소스 파일\02. Object\Bullet\BulletBridge\BulletBoom</Filter>
    </ClInclude>
    <ClInclude Include="EnemyBoss.h">
      <Filter>소스 파일\02. Object\Enemy\EnemyBridge\EnemyBoss</Filter>
    </ClInclude>
    <ClInclude Include="Warning.h">
      <Filter>소스 파일\03. UserInterface\Warning</Filter>
    </ClInclude>
    <ClInclude Include="Level.h">
      <Filter>소스 파일\03. UserInterface\Level</Filter>
    </ClInclude>
    <ClInclude Include="BulletBoom2.h">
      <Filter>소스 파일\02. Object\Bullet\BulletBridge\BulletBoom2</Filter>
    </ClInclude>
    <ClInclude Include="ItemPotion.h">
      <Filter>소스 파일\02. Object\Item\ItemBridge\ItemPotion</Filter>
    </ClInclude>
    <ClInclude Include="UserInterfaceManager.h">
      <Filter>소스 파일\99. Manager\UserInterfaceManager</Filter>
    </ClInclude>
    <ClInclude Include="BulletUI.h">
      <Filter>소스 파일\03. UserInterface\BulletUI</Filter>
    </ClInclude>
    <ClInclude Include="BulletLazer.h">
      <Filter>소스 파일\02. Object\Bullet\BulletBridge\BulletLazer</Filter>
    </ClInclude>
    <ClInclude Include="BulletFire.h">
      <Filter>소스 파일\02. Object\Bullet\BulletBridge\BulletFire</Filter>
    </ClInclude>
    <ClInclude Include="Effect.h">
      <Filter>소스 파일\02. Object\Effect</Filter>
    </ClInclude>
    <ClInclude Include="EffectBridge.h">
      <Filter>소스 파일\02. Object\Effect\EffectBridge</Filter>
    </ClInclude>
    <ClInclude Include="PlayerEffect.h">
      <Filter>소스 파일\02. Object\Effect\EffectBridge\PlayerEffect</Filter>
    </ClInclude>
    <ClInclude Include="EnemyEffect.h">
      <Filter>소스 파일\02. Object\Effect\EffectBridge\EnemyEffect</Filter>
    </ClInclude>
    <ClInclude Include="Intro2.h">
      <Filter>소스 파일\03. UserInterface\Intro</Filter>
    </ClInclude>
    <ClInclude Include="Outtro2.h">
      <Filter>소스 파일\03. UserInterface\Outtro</Filter>
    </ClInclude>
    <ClInclude Include="Score.h">
      <Filter>소스 파일\03. UserInterface\Score</Filter>
    </ClInclude>
    <ClInclude Include="PlayerBridge.h">
      <Filter>소스 파일\02. Object\Player\PlayerBridge</Filter>
    </ClInclude>
  </ItemGroup>
</Project>